// !$*UTF8*$!
{
	archiveVersion = 1;
	classes = {
	};
	objectVersion = 50;
	objects = {

/* Begin PBXBuildFile section */
		1000687624A9E71600C2F265 /* CHOPRT.cpp in Sources */ = {isa = PBXBuildFile; fileRef = 1000687524A9E71600C2F265 /* CHOPRT.cpp */; };
		100773EE24A53EA20001D164 /* PRICECON.cpp in Sources */ = {isa = PBXBuildFile; fileRef = 100773ED24A53EA20001D164 /* PRICECON.cpp */; };
		1033474324A667EB00534EE2 /* START01.cpp in Sources */ = {isa = PBXBuildFile; fileRef = 1033474224A667EB00534EE2 /* START01.cpp */; };
		1033474524A66ACC00534EE2 /* DECINC.cpp in Sources */ = {isa = PBXBuildFile; fileRef = 1033474424A66ACC00534EE2 /* DECINC.cpp */; };
		10643B8C24AB24080086122D /* LUCKFOUR.cpp in Sources */ = {isa = PBXBuildFile; fileRef = 10643B8B24AB24080086122D /* LUCKFOUR.cpp */; };
		10A05C9C24A947EF00F6407D /* MATCHES.cpp in Sources */ = {isa = PBXBuildFile; fileRef = 10A05C9B24A947EF00F6407D /* MATCHES.cpp */; };
		10DA3C2D24A8E2FA00678FE0 /* DIFFSUM.cpp in Sources */ = {isa = PBXBuildFile; fileRef = 10DA3C2B24A8E2FA00678FE0 /* DIFFSUM.cpp */; };
		10EE582324AA6FBD00E6B03F /* SNCKYEAR.cpp in Sources */ = {isa = PBXBuildFile; fileRef = 10EE582224AA6FBD00E6B03F /* SNCKYEAR.cpp */; };
/* End PBXBuildFile section */

/* Begin PBXCopyFilesBuildPhase section */
		100773E824A53EA20001D164 /* CopyFiles */ = {
			isa = PBXCopyFilesBuildPhase;
			buildActionMask = 2147483647;
			dstPath = /usr/share/man/man1/;
			dstSubfolderSpec = 0;
			files = (
			);
			runOnlyForDeploymentPostprocessing = 1;
		};
/* End PBXCopyFilesBuildPhase section */

/* Begin PBXFileReference section */
		1000687524A9E71600C2F265 /* CHOPRT.cpp */ = {isa = PBXFileReference; lastKnownFileType = sourcecode.cpp.cpp; path = CHOPRT.cpp; sourceTree = "<group>"; };
		100773EA24A53EA20001D164 /* Code Chef C++ Answers */ = {isa = PBXFileReference; explicitFileType = "compiled.mach-o.executable"; includeInIndex = 0; path = "Code Chef C++ Answers"; sourceTree = BUILT_PRODUCTS_DIR; };
		100773ED24A53EA20001D164 /* PRICECON.cpp */ = {isa = PBXFileReference; lastKnownFileType = sourcecode.cpp.cpp; path = PRICECON.cpp; sourceTree = "<group>"; };
		1033474224A667EB00534EE2 /* START01.cpp */ = {isa = PBXFileReference; lastKnownFileType = sourcecode.cpp.cpp; path = START01.cpp; sourceTree = "<group>"; };
		1033474424A66ACC00534EE2 /* DECINC.cpp */ = {isa = PBXFileReference; lastKnownFileType = sourcecode.cpp.cpp; path = DECINC.cpp; sourceTree = "<group>"; };
		10643B8B24AB24080086122D /* LUCKFOUR.cpp */ = {isa = PBXFileReference; lastKnownFileType = sourcecode.cpp.cpp; path = LUCKFOUR.cpp; sourceTree = "<group>"; };
		10A05C9B24A947EF00F6407D /* MATCHES.cpp */ = {isa = PBXFileReference; lastKnownFileType = sourcecode.cpp.cpp; path = MATCHES.cpp; sourceTree = "<group>"; };
		10DA3C2B24A8E2FA00678FE0 /* DIFFSUM.cpp */ = {isa = PBXFileReference; lastKnownFileType = sourcecode.cpp.cpp; path = DIFFSUM.cpp; sourceTree = "<group>"; };
		10EE582224AA6FBD00E6B03F /* SNCKYEAR.cpp */ = {isa = PBXFileReference; lastKnownFileType = sourcecode.cpp.cpp; path = SNCKYEAR.cpp; sourceTree = "<group>"; };
/* End PBXFileReference section */

/* Begin PBXFrameworksBuildPhase section */
		100773E724A53EA20001D164 /* Frameworks */ = {
			isa = PBXFrameworksBuildPhase;
			buildActionMask = 2147483647;
			files = (
			);
			runOnlyForDeploymentPostprocessing = 0;
		};
/* End PBXFrameworksBuildPhase section */

/* Begin PBXGroup section */
		100773E124A53EA20001D164 = {
			isa = PBXGroup;
			children = (
				100773EC24A53EA20001D164 /* Code Chef C++ Answers */,
				100773EB24A53EA20001D164 /* Products */,
			);
			sourceTree = "<group>";
		};
		100773EB24A53EA20001D164 /* Products */ = {
			isa = PBXGroup;
			children = (
				100773EA24A53EA20001D164 /* Code Chef C++ Answers */,
			);
			name = Products;
			sourceTree = "<group>";
		};
		100773EC24A53EA20001D164 /* Code Chef C++ Answers */ = {
			isa = PBXGroup;
			children = (
				100773ED24A53EA20001D164 /* PRICECON.cpp */,
				1033474224A667EB00534EE2 /* START01.cpp */,
				1033474424A66ACC00534EE2 /* DECINC.cpp */,
				10DA3C2B24A8E2FA00678FE0 /* DIFFSUM.cpp */,
				10A05C9B24A947EF00F6407D /* MATCHES.cpp */,
				1000687524A9E71600C2F265 /* CHOPRT.cpp */,
				10EE582224AA6FBD00E6B03F /* SNCKYEAR.cpp */,
				10643B8B24AB24080086122D /* LUCKFOUR.cpp */,
			);
			path = "Code Chef C++ Answers";
			sourceTree = "<group>";
		};
/* End PBXGroup section */

/* Begin PBXNativeTarget section */
		100773E924A53EA20001D164 /* Code Chef C++ Answers */ = {
			isa = PBXNativeTarget;
			buildConfigurationList = 100773F124A53EA20001D164 /* Build configuration list for PBXNativeTarget "Code Chef C++ Answers" */;
			buildPhases = (
				100773E624A53EA20001D164 /* Sources */,
				100773E724A53EA20001D164 /* Frameworks */,
				100773E824A53EA20001D164 /* CopyFiles */,
			);
			buildRules = (
			);
			dependencies = (
			);
			name = "Code Chef C++ Answers";
			productName = "Code Chef C++ Answers";
			productReference = 100773EA24A53EA20001D164 /* Code Chef C++ Answers */;
			productType = "com.apple.product-type.tool";
		};
/* End PBXNativeTarget section */

/* Begin PBXProject section */
		100773E224A53EA20001D164 /* Project object */ = {
			isa = PBXProject;
			attributes = {
				LastUpgradeCheck = 1150;
				ORGANIZATIONNAME = "Pranjal Bhardwaj";
				TargetAttributes = {
					100773E924A53EA20001D164 = {
						CreatedOnToolsVersion = 11.5;
					};
				};
			};
			buildConfigurationList = 100773E524A53EA20001D164 /* Build configuration list for PBXProject "Code Chef C++ Answers" */;
			compatibilityVersion = "Xcode 9.3";
			developmentRegion = en;
			hasScannedForEncodings = 0;
			knownRegions = (
				en,
				Base,
			);
			mainGroup = 100773E124A53EA20001D164;
			productRefGroup = 100773EB24A53EA20001D164 /* Products */;
			projectDirPath = "";
			projectRoot = "";
			targets = (
				100773E924A53EA20001D164 /* Code Chef C++ Answers */,
			);
		};
/* End PBXProject section */

/* Begin PBXSourcesBuildPhase section */
		100773E624A53EA20001D164 /* Sources */ = {
			isa = PBXSourcesBuildPhase;
			buildActionMask = 2147483647;
			files = (
				10EE582324AA6FBD00E6B03F /* SNCKYEAR.cpp in Sources */,
				1033474524A66ACC00534EE2 /* DECINC.cpp in Sources */,
				10643B8C24AB24080086122D /* LUCKFOUR.cpp in Sources */,
				1033474324A667EB00534EE2 /* START01.cpp in Sources */,
				1000687624A9E71600C2F265 /* CHOPRT.cpp in Sources */,
				10A05C9C24A947EF00F6407D /* MATCHES.cpp in Sources */,
				10DA3C2D24A8E2FA00678FE0 /* DIFFSUM.cpp in Sources */,
				100773EE24A53EA20001D164 /* PRICECON.cpp in Sources */,
			);
			runOnlyForDeploymentPostprocessing = 0;
		};
/* End PBXSourcesBuildPhase section */

/* Begin XCBuildConfiguration section */
		100773EF24A53EA20001D164 /* Debug */ = {
			isa = XCBuildConfiguration;
			buildSettings = {
				ALWAYS_SEARCH_USER_PATHS = NO;
				CLANG_ANALYZER_NONNULL = YES;
				CLANG_ANALYZER_NUMBER_OBJECT_CONVERSION = YES_AGGRESSIVE;
				CLANG_CXX_LANGUAGE_STANDARD = "gnu++14";
				CLANG_CXX_LIBRARY = "libc++";
				CLANG_ENABLE_MODULES = YES;
				CLANG_ENABLE_OBJC_ARC = YES;
				CLANG_ENABLE_OBJC_WEAK = YES;
				CLANG_WARN_BLOCK_CAPTURE_AUTORELEASING = YES;
				CLANG_WARN_BOOL_CONVERSION = YES;
				CLANG_WARN_COMMA = YES;
				CLANG_WARN_CONSTANT_CONVERSION = YES;
				CLANG_WARN_DEPRECATED_OBJC_IMPLEMENTATIONS = YES;
				CLANG_WARN_DIRECT_OBJC_ISA_USAGE = YES_ERROR;
				CLANG_WARN_DOCUMENTATION_COMMENTS = YES;
				CLANG_WARN_EMPTY_BODY = YES;
				CLANG_WARN_ENUM_CONVERSION = YES;
				CLANG_WARN_INFINITE_RECURSION = YES;
				CLANG_WARN_INT_CONVERSION = YES;
				CLANG_WARN_NON_LITERAL_NULL_CONVERSION = YES;
				CLANG_WARN_OBJC_IMPLICIT_RETAIN_SELF = YES;
				CLANG_WARN_OBJC_LITERAL_CONVERSION = YES;
				CLANG_WARN_OBJC_ROOT_CLASS = YES_ERROR;
				CLANG_WARN_RANGE_LOOP_ANALYSIS = YES;
				CLANG_WARN_STRICT_PROTOTYPES = YES;
				CLANG_WARN_SUSPICIOUS_MOVE = YES;
				CLANG_WARN_UNGUARDED_AVAILABILITY = YES_AGGRESSIVE;
				CLANG_WARN_UNREACHABLE_CODE = YES;
				CLANG_WARN__DUPLICATE_METHOD_MATCH = YES;
				COPY_PHASE_STRIP = NO;
				DEBUG_INFORMATION_FORMAT = dwarf;
				ENABLE_STRICT_OBJC_MSGSEND = YES;
				ENABLE_TESTABILITY = YES;
				GCC_C_LANGUAGE_STANDARD = gnu11;
				GCC_DYNAMIC_NO_PIC = NO;
				GCC_NO_COMMON_BLOCKS = YES;
				GCC_OPTIMIZATION_LEVEL = 0;
				GCC_PREPROCESSOR_DEFINITIONS = (
					"DEBUG=1",
					"$(inherited)",
				);
				GCC_WARN_64_TO_32_BIT_CONVERSION = YES;
				GCC_WARN_ABOUT_RETURN_TYPE = YES_ERROR;
				GCC_WARN_UNDECLARED_SELECTOR = YES;
				GCC_WARN_UNINITIALIZED_AUTOS = YES_AGGRESSIVE;
				GCC_WARN_UNUSED_FUNCTION = YES;
				GCC_WARN_UNUSED_VARIABLE = YES;
				MACOSX_DEPLOYMENT_TARGET = 10.15;
				MTL_ENABLE_DEBUG_INFO = INCLUDE_SOURCE;
				MTL_FAST_MATH = YES;
				ONLY_ACTIVE_ARCH = YES;
				SDKROOT = macosx;
			};
			name = Debug;
		};
		100773F024A53EA20001D164 /* Release */ = {
			isa = XCBuildConfiguration;
			buildSettings = {
				ALWAYS_SEARCH_USER_PATHS = NO;
				CLANG_ANALYZER_NONNULL = YES;
				CLANG_ANALYZER_NUMBER_OBJECT_CONVERSION = YES_AGGRESSIVE;
				CLANG_CXX_LANGUAGE_STANDARD = "gnu++14";
				CLANG_CXX_LIBRARY = "libc++";
				CLANG_ENABLE_MODULES = YES;
				CLANG_ENABLE_OBJC_ARC = YES;
				CLANG_ENABLE_OBJC_WEAK = YES;
				CLANG_WARN_BLOCK_CAPTURE_AUTORELEASING = YES;
				CLANG_WARN_BOOL_CONVERSION = YES;
				CLANG_WARN_COMMA = YES;
				CLANG_WARN_CONSTANT_CONVERSION = YES;
				CLANG_WARN_DEPRECATED_OBJC_IMPLEMENTATIONS = YES;
				CLANG_WARN_DIRECT_OBJC_ISA_USAGE = YES_ERROR;
				CLANG_WARN_DOCUMENTATION_COMMENTS = YES;
				CLANG_WARN_EMPTY_BODY = YES;
				CLANG_WARN_ENUM_CONVERSION = YES;
				CLANG_WARN_INFINITE_RECURSION = YES;
				CLANG_WARN_INT_CONVERSION = YES;
				CLANG_WARN_NON_LITERAL_NULL_CONVERSION = YES;
				CLANG_WARN_OBJC_IMPLICIT_RETAIN_SELF = YES;
				CLANG_WARN_OBJC_LITERAL_CONVERSION = YES;
				CLANG_WARN_OBJC_ROOT_CLASS = YES_ERROR;
				CLANG_WARN_RANGE_LOOP_ANALYSIS = YES;
				CLANG_WARN_STRICT_PROTOTYPES = YES;
				CLANG_WARN_SUSPICIOUS_MOVE = YES;
				CLANG_WARN_UNGUARDED_AVAILABILITY = YES_AGGRESSIVE;
				CLANG_WARN_UNREACHABLE_CODE = YES;
				CLANG_WARN__DUPLICATE_METHOD_MATCH = YES;
				COPY_PHASE_STRIP = NO;
				DEBUG_INFORMATION_FORMAT = "dwarf-with-dsym";
				ENABLE_NS_ASSERTIONS = NO;
				ENABLE_STRICT_OBJC_MSGSEND = YES;
				GCC_C_LANGUAGE_STANDARD = gnu11;
				GCC_NO_COMMON_BLOCKS = YES;
				GCC_WARN_64_TO_32_BIT_CONVERSION = YES;
				GCC_WARN_ABOUT_RETURN_TYPE = YES_ERROR;
				GCC_WARN_UNDECLARED_SELECTOR = YES;
				GCC_WARN_UNINITIALIZED_AUTOS = YES_AGGRESSIVE;
				GCC_WARN_UNUSED_FUNCTION = YES;
				GCC_WARN_UNUSED_VARIABLE = YES;
				MACOSX_DEPLOYMENT_TARGET = 10.15;
				MTL_ENABLE_DEBUG_INFO = NO;
				MTL_FAST_MATH = YES;
				SDKROOT = macosx;
			};
			name = Release;
		};
		100773F224A53EA20001D164 /* Debug */ = {
			isa = XCBuildConfiguration;
			buildSettings = {
				CODE_SIGN_STYLE = Automatic;
				DEVELOPMENT_TEAM = 6CBM2TPHV7;
				ENABLE_HARDENED_RUNTIME = YES;
				PRODUCT_NAME = "$(TARGET_NAME)";
			};
			name = Debug;
		};
		100773F324A53EA20001D164 /* Release */ = {
			isa = XCBuildConfiguration;
			buildSettings = {
				CODE_SIGN_STYLE = Automatic;
				DEVELOPMENT_TEAM = 6CBM2TPHV7;
				ENABLE_HARDENED_RUNTIME = YES;
				PRODUCT_NAME = "$(TARGET_NAME)";
			};
			name = Release;
		};
/* End XCBuildConfiguration section */

/* Begin XCConfigurationList section */
		100773E524A53EA20001D164 /* Build configuration list for PBXProject "Code Chef C++ Answers" */ = {
			isa = XCConfigurationList;
			buildConfigurations = (
				100773EF24A53EA20001D164 /* Debug */,
				100773F024A53EA20001D164 /* Release */,
			);
			defaultConfigurationIsVisible = 0;
			defaultConfigurationName = Release;
		};
		100773F124A53EA20001D164 /* Build configuration list for PBXNativeTarget "Code Chef C++ Answers" */ = {
			isa = XCConfigurationList;
			buildConfigurations = (
				100773F224A53EA20001D164 /* Debug */,
				100773F324A53EA20001D164 /* Release */,
			);
			defaultConfigurationIsVisible = 0;
			defaultConfigurationName = Release;
		};
/* End XCConfigurationList section */
	};
	rootObject = 100773E224A53EA20001D164 /* Project object */;
}
